
Microsoft Visual Studio Solution File, Format Version 12.00
# Visual Studio 14
VisualStudioVersion = 14.0.23107.0
MinimumVisualStudioVersion = 10.0.40219.1
Project("{FAE04EC0-301F-11D3-BF4B-00C04F79EFBC}") = "WebApplication", "WebApplication\WebApplication.csproj", "{4BE4F921-5EEB-47F3-A201-D2861CA7FFB6}"
EndProject
Project("{FAE04EC0-301F-11D3-BF4B-00C04F79EFBC}") = "Host", "Host\Host.csproj", "{29B57053-C37A-4632-9900-98A38700AF42}"
EndProject
Project("{FAE04EC0-301F-11D3-BF4B-00C04F79EFBC}") = "ServiceLibrary", "ServiceLibrary\ServiceLibrary.csproj", "{88FF497D-A841-46B2-8741-213921A1B767}"
EndProject
Project("{FAE04EC0-301F-11D3-BF4B-00C04F79EFBC}") = "Test", "Test\Test.csproj", "{0D3F0E86-33BA-412D-AA1A-344B979DBB4E}"
EndProject
Global
	GlobalSection(SolutionConfigurationPlatforms) = preSolution
		Debug|Any CPU = Debug|Any CPU
		Debug|x64 = Debug|x64
		Release|Any CPU = Release|Any CPU
		Release|x64 = Release|x64
	EndGlobalSection
	GlobalSection(ProjectConfigurationPlatforms) = postSolution
		{4BE4F921-5EEB-47F3-A201-D2861CA7FFB6}.Debug|Any CPU.ActiveCfg = Debug|Any CPU
		{4BE4F921-5EEB-47F3-A201-D2861CA7FFB6}.Debug|Any CPU.Build.0 = Debug|Any CPU
		{4BE4F921-5EEB-47F3-A201-D2861CA7FFB6}.Debug|x64.ActiveCfg = Debug|Any CPU
		{4BE4F921-5EEB-47F3-A201-D2861CA7FFB6}.Debug|x64.Build.0 = Debug|Any CPU
		{4BE4F921-5EEB-47F3-A201-D2861CA7FFB6}.Release|Any CPU.ActiveCfg = Release|Any CPU
		{4BE4F921-5EEB-47F3-A201-D2861CA7FFB6}.Release|Any CPU.Build.0 = Release|Any CPU
		{4BE4F921-5EEB-47F3-A201-D2861CA7FFB6}.Release|x64.ActiveCfg = Release|x64
		{4BE4F921-5EEB-47F3-A201-D2861CA7FFB6}.Release|x64.Build.0 = Release|x64
		{29B57053-C37A-4632-9900-98A38700AF42}.Debug|Any CPU.ActiveCfg = Debug|Any CPU
		{29B57053-C37A-4632-9900-98A38700AF42}.Debug|Any CPU.Build.0 = Debug|Any CPU
		{29B57053-C37A-4632-9900-98A38700AF42}.Debug|x64.ActiveCfg = Debug|Any CPU
		{29B57053-C37A-4632-9900-98A38700AF42}.Debug|x64.Build.0 = Debug|Any CPU
		{29B57053-C37A-4632-9900-98A38700AF42}.Release|Any CPU.ActiveCfg = Release|Any CPU
		{29B57053-C37A-4632-9900-98A38700AF42}.Release|Any CPU.Build.0 = Release|Any CPU
		{29B57053-C37A-4632-9900-98A38700AF42}.Release|x64.ActiveCfg = Release|Any CPU
		{29B57053-C37A-4632-9900-98A38700AF42}.Release|x64.Build.0 = Release|Any CPU
		{88FF497D-A841-46B2-8741-213921A1B767}.Debug|Any CPU.ActiveCfg = Debug|Any CPU
		{88FF497D-A841-46B2-8741-213921A1B767}.Debug|Any CPU.Build.0 = Debug|Any CPU
		{88FF497D-A841-46B2-8741-213921A1B767}.Debug|x64.ActiveCfg = Debug|Any CPU
		{88FF497D-A841-46B2-8741-213921A1B767}.Debug|x64.Build.0 = Debug|Any CPU
		{88FF497D-A841-46B2-8741-213921A1B767}.Release|Any CPU.ActiveCfg = Release|Any CPU
		{88FF497D-A841-46B2-8741-213921A1B767}.Release|Any CPU.Build.0 = Release|Any CPU
		{88FF497D-A841-46B2-8741-213921A1B767}.Release|x64.ActiveCfg = Release|Any CPU
		{88FF497D-A841-46B2-8741-213921A1B767}.Release|x64.Build.0 = Release|Any CPU
		{0D3F0E86-33BA-412D-AA1A-344B979DBB4E}.Debug|Any CPU.ActiveCfg = Debug|Any CPU
		{0D3F0E86-33BA-412D-AA1A-344B979DBB4E}.Debug|Any CPU.Build.0 = Debug|Any CPU
		{0D3F0E86-33BA-412D-AA1A-344B979DBB4E}.Debug|x64.ActiveCfg = Debug|Any CPU
		{0D3F0E86-33BA-412D-AA1A-344B979DBB4E}.Debug|x64.Build.0 = Debug|Any CPU
		{0D3F0E86-33BA-412D-AA1A-344B979DBB4E}.Release|Any CPU.ActiveCfg = Release|Any CPU
		{0D3F0E86-33BA-412D-AA1A-344B979DBB4E}.Release|Any CPU.Build.0 = Release|Any CPU
		{0D3F0E86-33BA-412D-AA1A-344B979DBB4E}.Release|x64.ActiveCfg = Release|Any CPU
		{0D3F0E86-33BA-412D-AA1A-344B979DBB4E}.Release|x64.Build.0 = Release|Any CPU
	EndGlobalSection
	GlobalSection(SolutionProperties) = preSolution
		HideSolutionNode = FALSE
	EndGlobalSection
EndGlobal
